<Solution>
  <Folder Name="/src/">
    <Project Path="src/MapEditor.App.Avalonia/MapEditor.App.Avalonia.csproj" />
    <Project Path="src/MapEditor.Core/MapEditor.Core.csproj" />
    <Project Path="src/MapEditor.Formats/MapEditor.Formats.csproj" />
    <Project Path="src/MapEditor.Rendering/MapEditor.Rendering.csproj" />
    <Project Path="src/Shooter.App/Shooter.App.csproj" />
  </Folder>
</Solution>
